
Microsoft Visual Studio Solution File, Format Version 12.00
# Visual Studio Version 17
VisualStudioVersion = 17.4.33213.308
MinimumVisualStudioVersion = 10.0.40219.1
Project("{9A19103F-16F7-4668-BE54-9A1E7A4F7556}") = "eShop", "eShop\eShop.csproj", "{202F0D28-8BAB-47A6-BC80-A4CC7E6C20CF}"
EndProject
Project("{9A19103F-16F7-4668-BE54-9A1E7A4F7556}") = "eShop.PromUaApi", "eShop.PromUaApi\eShop.PromUaApi.csproj", "{24B317D4-889C-43D1-9332-AC78EF1234AA}"
EndProject
Project("{9A19103F-16F7-4668-BE54-9A1E7A4F7556}") = "eShop.ViberBot", "eShop.ViberBot\eShop.ViberBot.csproj", "{F09E413C-E174-41AA-8E74-3A35684604EA}"
EndProject
Project("{9A19103F-16F7-4668-BE54-9A1E7A4F7556}") = "eShop.Identity", "eShop.Identity\eShop.Identity.csproj", "{E1A4AAC2-BDEF-4FB9-BD1F-871CD54EDAED}"
EndProject
Project("{FAE04EC0-301F-11D3-BF4B-00C04F79EFBC}") = "eShop.Database", "eShop.Database\eShop.Database.csproj", "{11DD5F71-401D-4494-B77F-2A93E8BB06B0}"
EndProject
Global
	GlobalSection(SolutionConfigurationPlatforms) = preSolution
		Debug|Any CPU = Debug|Any CPU
		Release|Any CPU = Release|Any CPU
	EndGlobalSection
	GlobalSection(ProjectConfigurationPlatforms) = postSolution
		{202F0D28-8BAB-47A6-BC80-A4CC7E6C20CF}.Debug|Any CPU.ActiveCfg = Debug|Any CPU
		{202F0D28-8BAB-47A6-BC80-A4CC7E6C20CF}.Debug|Any CPU.Build.0 = Debug|Any CPU
		{202F0D28-8BAB-47A6-BC80-A4CC7E6C20CF}.Release|Any CPU.ActiveCfg = Release|Any CPU
		{202F0D28-8BAB-47A6-BC80-A4CC7E6C20CF}.Release|Any CPU.Build.0 = Release|Any CPU
		{24B317D4-889C-43D1-9332-AC78EF1234AA}.Debug|Any CPU.ActiveCfg = Debug|Any CPU
		{24B317D4-889C-43D1-9332-AC78EF1234AA}.Debug|Any CPU.Build.0 = Debug|Any CPU
		{24B317D4-889C-43D1-9332-AC78EF1234AA}.Release|Any CPU.ActiveCfg = Release|Any CPU
		{24B317D4-889C-43D1-9332-AC78EF1234AA}.Release|Any CPU.Build.0 = Release|Any CPU
		{F09E413C-E174-41AA-8E74-3A35684604EA}.Debug|Any CPU.ActiveCfg = Debug|Any CPU
		{F09E413C-E174-41AA-8E74-3A35684604EA}.Debug|Any CPU.Build.0 = Debug|Any CPU
		{F09E413C-E174-41AA-8E74-3A35684604EA}.Release|Any CPU.ActiveCfg = Release|Any CPU
		{F09E413C-E174-41AA-8E74-3A35684604EA}.Release|Any CPU.Build.0 = Release|Any CPU
		{E1A4AAC2-BDEF-4FB9-BD1F-871CD54EDAED}.Debug|Any CPU.ActiveCfg = Debug|Any CPU
		{E1A4AAC2-BDEF-4FB9-BD1F-871CD54EDAED}.Debug|Any CPU.Build.0 = Debug|Any CPU
		{E1A4AAC2-BDEF-4FB9-BD1F-871CD54EDAED}.Release|Any CPU.ActiveCfg = Release|Any CPU
		{E1A4AAC2-BDEF-4FB9-BD1F-871CD54EDAED}.Release|Any CPU.Build.0 = Release|Any CPU
		{11DD5F71-401D-4494-B77F-2A93E8BB06B0}.Debug|Any CPU.ActiveCfg = Debug|Any CPU
		{11DD5F71-401D-4494-B77F-2A93E8BB06B0}.Debug|Any CPU.Build.0 = Debug|Any CPU
		{11DD5F71-401D-4494-B77F-2A93E8BB06B0}.Release|Any CPU.ActiveCfg = Release|Any CPU
		{11DD5F71-401D-4494-B77F-2A93E8BB06B0}.Release|Any CPU.Build.0 = Release|Any CPU
	EndGlobalSection
	GlobalSection(SolutionProperties) = preSolution
		HideSolutionNode = FALSE
	EndGlobalSection
	GlobalSection(ExtensibilityGlobals) = postSolution
		SolutionGuid = {BDF68477-172C-429E-98CB-03C6D4E9DC7D}
	EndGlobalSection
EndGlobal
