
Microsoft Visual Studio Solution File, Format Version 12.00
# Visual Studio Version 17
VisualStudioVersion = 17.4.33213.308
MinimumVisualStudioVersion = 10.0.40219.1
Project("{FAE04EC0-301F-11D3-BF4B-00C04F79EFBC}") = "eShop.TelegramBot", "eShop.TelegramBot\eShop.TelegramBot.csproj", "{65A15138-7203-48DA-8F8E-53D14100C8FE}"
EndProject
Global
	GlobalSection(SolutionConfigurationPlatforms) = preSolution
		Debug|Any CPU = Debug|Any CPU
		Release|Any CPU = Release|Any CPU
	EndGlobalSection
	GlobalSection(ProjectConfigurationPlatforms) = postSolution
		{65A15138-7203-48DA-8F8E-53D14100C8FE}.Debug|Any CPU.ActiveCfg = Debug|Any CPU
		{65A15138-7203-48DA-8F8E-53D14100C8FE}.Debug|Any CPU.Build.0 = Debug|Any CPU
		{65A15138-7203-48DA-8F8E-53D14100C8FE}.Release|Any CPU.ActiveCfg = Release|Any CPU
		{65A15138-7203-48DA-8F8E-53D14100C8FE}.Release|Any CPU.Build.0 = Release|Any CPU
	EndGlobalSection
	GlobalSection(SolutionProperties) = preSolution
		HideSolutionNode = FALSE
	EndGlobalSection
	GlobalSection(ExtensibilityGlobals) = postSolution
		SolutionGuid = {BDF68477-172C-429E-98CB-03C6D4E9DC7D}
	EndGlobalSection
EndGlobal
